
Microsoft Visual Studio Solution File, Format Version 12.00
# Visual Studio Version 17
VisualStudioVersion = 17.7.34003.232
MinimumVisualStudioVersion = 10.0.40219.1
Project("{FAE04EC0-301F-11D3-BF4B-00C04F79EFBC}") = "DSA", "DSA\DSA.csproj", "{314E4BC0-399D-4950-8852-435161EB5791}"
EndProject
Global
	GlobalSection(SolutionConfigurationPlatforms) = preSolution
		Debug|Any CPU = Debug|Any CPU
		Release|Any CPU = Release|Any CPU
	EndGlobalSection
	GlobalSection(ProjectConfigurationPlatforms) = postSolution
		{314E4BC0-399D-4950-8852-435161EB5791}.Debug|Any CPU.ActiveCfg = Debug|Any CPU
		{314E4BC0-399D-4950-8852-435161EB5791}.Debug|Any CPU.Build.0 = Debug|Any CPU
		{314E4BC0-399D-4950-8852-435161EB5791}.Release|Any CPU.ActiveCfg = Release|Any CPU
		{314E4BC0-399D-4950-8852-435161EB5791}.Release|Any CPU.Build.0 = Release|Any CPU
	EndGlobalSection
	GlobalSection(SolutionProperties) = preSolution
		HideSolutionNode = FALSE
	EndGlobalSection
	GlobalSection(ExtensibilityGlobals) = postSolution
		SolutionGuid = {3C38F8B9-0B5A-4849-B8E8-D214D5AD39D9}
	EndGlobalSection
EndGlobal
